
Microsoft Visual Studio Solution File, Format Version 12.00
# Visual Studio 15
VisualStudioVersion = 15.0.27130.2036
MinimumVisualStudioVersion = 10.0.40219.1
Project("{8BC9CEB8-8B4A-11D0-8D11-00A0C91BC942}") = "Coyota_Dealer", "Coyota_Dealer\Coyota_Dealer.vcxproj", "{A903D85F-8DB0-43BA-8EF2-38B59FCF64BC}"
EndProject
Global
	GlobalSection(SolutionConfigurationPlatforms) = preSolution
		Debug|x64 = Debug|x64
		Debug|x86 = Debug|x86
		Release|x64 = Release|x64
		Release|x86 = Release|x86
	EndGlobalSection
	GlobalSection(ProjectConfigurationPlatforms) = postSolution
		{A903D85F-8DB0-43BA-8EF2-38B59FCF64BC}.Debug|x64.ActiveCfg = Debug|x64
		{A903D85F-8DB0-43BA-8EF2-38B59FCF64BC}.Debug|x64.Build.0 = Debug|x64
		{A903D85F-8DB0-43BA-8EF2-38B59FCF64BC}.Debug|x86.ActiveCfg = Debug|Win32
		{A903D85F-8DB0-43BA-8EF2-38B59FCF64BC}.Debug|x86.Build.0 = Debug|Win32
		{A903D85F-8DB0-43BA-8EF2-38B59FCF64BC}.Release|x64.ActiveCfg = Release|x64
		{A903D85F-8DB0-43BA-8EF2-38B59FCF64BC}.Release|x64.Build.0 = Release|x64
		{A903D85F-8DB0-43BA-8EF2-38B59FCF64BC}.Release|x86.ActiveCfg = Release|Win32
		{A903D85F-8DB0-43BA-8EF2-38B59FCF64BC}.Release|x86.Build.0 = Release|Win32
	EndGlobalSection
	GlobalSection(SolutionProperties) = preSolution
		HideSolutionNode = FALSE
	EndGlobalSection
	GlobalSection(ExtensibilityGlobals) = postSolution
		SolutionGuid = {FB1D0D72-574B-4C87-B1E9-D2B71886C48A}
	EndGlobalSection
EndGlobal
