
Microsoft Visual Studio Solution File, Format Version 12.00
# Visual Studio 15
VisualStudioVersion = 15.0.27130.2036
MinimumVisualStudioVersion = 10.0.40219.1
Project("{8BC9CEB8-8B4A-11D0-8D11-00A0C91BC942}") = "Exception_Example", "Exception_Example\Exception_Example.vcxproj", "{DB1712D9-3C62-48C2-BD0F-BCD2431119B3}"
EndProject
Global
	GlobalSection(SolutionConfigurationPlatforms) = preSolution
		Debug|x64 = Debug|x64
		Debug|x86 = Debug|x86
		Release|x64 = Release|x64
		Release|x86 = Release|x86
	EndGlobalSection
	GlobalSection(ProjectConfigurationPlatforms) = postSolution
		{DB1712D9-3C62-48C2-BD0F-BCD2431119B3}.Debug|x64.ActiveCfg = Debug|x64
		{DB1712D9-3C62-48C2-BD0F-BCD2431119B3}.Debug|x64.Build.0 = Debug|x64
		{DB1712D9-3C62-48C2-BD0F-BCD2431119B3}.Debug|x86.ActiveCfg = Debug|Win32
		{DB1712D9-3C62-48C2-BD0F-BCD2431119B3}.Debug|x86.Build.0 = Debug|Win32
		{DB1712D9-3C62-48C2-BD0F-BCD2431119B3}.Release|x64.ActiveCfg = Release|x64
		{DB1712D9-3C62-48C2-BD0F-BCD2431119B3}.Release|x64.Build.0 = Release|x64
		{DB1712D9-3C62-48C2-BD0F-BCD2431119B3}.Release|x86.ActiveCfg = Release|Win32
		{DB1712D9-3C62-48C2-BD0F-BCD2431119B3}.Release|x86.Build.0 = Release|Win32
	EndGlobalSection
	GlobalSection(SolutionProperties) = preSolution
		HideSolutionNode = FALSE
	EndGlobalSection
	GlobalSection(ExtensibilityGlobals) = postSolution
		SolutionGuid = {A8FB97CA-20B8-4980-B3F0-5D889F23F381}
	EndGlobalSection
EndGlobal
